
Microsoft Visual Studio Solution File, Format Version 12.00
# Visual Studio Version 17
VisualStudioVersion = 17.12.35527.113
MinimumVisualStudioVersion = 10.0.40219.1
Project("{FAE04EC0-301F-11D3-BF4B-00C04F79EFBC}") = "OnboardyAgent", "OnboardyAgent.csproj", "{BE3004D5-2EC5-41B6-B3EB-0EF3E7230C6C}"
EndProject
Project("{FAE04EC0-301F-11D3-BF4B-00C04F79EFBC}") = "Onboardy.Function", "Onboardy.Function\Onboardy.Function.csproj", "{3F768321-55A0-43C4-BE6C-5A4396A52464}"
EndProject
Project("{FAE04EC0-301F-11D3-BF4B-00C04F79EFBC}") = "Onboardy.Contracts", "Onboardy.Models\Onboardy.Contracts.csproj", "{EADC9F93-920F-47E8-B755-2ABDCFBF0D6A}"
EndProject
Global
	GlobalSection(SolutionConfigurationPlatforms) = preSolution
		Debug|Any CPU = Debug|Any CPU
		Release|Any CPU = Release|Any CPU
	EndGlobalSection
	GlobalSection(ProjectConfigurationPlatforms) = postSolution
		{BE3004D5-2EC5-41B6-B3EB-0EF3E7230C6C}.Debug|Any CPU.ActiveCfg = Debug|Any CPU
		{BE3004D5-2EC5-41B6-B3EB-0EF3E7230C6C}.Debug|Any CPU.Build.0 = Debug|Any CPU
		{BE3004D5-2EC5-41B6-B3EB-0EF3E7230C6C}.Release|Any CPU.ActiveCfg = Release|Any CPU
		{BE3004D5-2EC5-41B6-B3EB-0EF3E7230C6C}.Release|Any CPU.Build.0 = Release|Any CPU
		{3F768321-55A0-43C4-BE6C-5A4396A52464}.Debug|Any CPU.ActiveCfg = Debug|Any CPU
		{3F768321-55A0-43C4-BE6C-5A4396A52464}.Debug|Any CPU.Build.0 = Debug|Any CPU
		{3F768321-55A0-43C4-BE6C-5A4396A52464}.Release|Any CPU.ActiveCfg = Release|Any CPU
		{3F768321-55A0-43C4-BE6C-5A4396A52464}.Release|Any CPU.Build.0 = Release|Any CPU
		{EADC9F93-920F-47E8-B755-2ABDCFBF0D6A}.Debug|Any CPU.ActiveCfg = Debug|Any CPU
		{EADC9F93-920F-47E8-B755-2ABDCFBF0D6A}.Debug|Any CPU.Build.0 = Debug|Any CPU
		{EADC9F93-920F-47E8-B755-2ABDCFBF0D6A}.Release|Any CPU.ActiveCfg = Release|Any CPU
		{EADC9F93-920F-47E8-B755-2ABDCFBF0D6A}.Release|Any CPU.Build.0 = Release|Any CPU
	EndGlobalSection
	GlobalSection(SolutionProperties) = preSolution
		HideSolutionNode = FALSE
	EndGlobalSection
EndGlobal
